// !$*UTF8*$!
{
	archiveVersion = 1;
	classes = {
	};
	objectVersion = 77;
	objects = {

/* Begin PBXBuildFile section */
		0A459CC52E5F82BD0068FF2C /* StoreFactory.swift in Sources */ = {isa = PBXBuildFile; fileRef = 0A459CB62E5F82BD0068FF2C /* StoreFactory.swift */; };
		0A459CC62E5F82BD0068FF2C /* GroupDetailView.swift in Sources */ = {isa = PBXBuildFile; fileRef = 0A459CBD2E5F82BD0068FF2C /* GroupDetailView.swift */; };
		0A459CC72E5F82BD0068FF2C /* ExpenseDetailView.swift in Sources */ = {isa = PBXBuildFile; fileRef = 0A459CBB2E5F82BD0068FF2C /* ExpenseDetailView.swift */; };
		0A459CC82E5F82BD0068FF2C /* StoreProtocol.swift in Sources */ = {isa = PBXBuildFile; fileRef = 0A459CB72E5F82BD0068FF2C /* StoreProtocol.swift */; };
		0A459CC92E5F82BD0068FF2C /* BackendSwitch.swift in Sources */ = {isa = PBXBuildFile; fileRef = 0A459CB22E5F82BD0068FF2C /* BackendSwitch.swift */; };
		0A459CCA2E5F82BD0068FF2C /* Settlement.swift in Sources */ = {isa = PBXBuildFile; fileRef = 0A459CB02E5F82BD0068FF2C /* Settlement.swift */; };
		0A459CCB2E5F82BD0068FF2C /* SettlementsView.swift in Sources */ = {isa = PBXBuildFile; fileRef = 0A459CC02E5F82BD0068FF2C /* SettlementsView.swift */; };
		0A459CCC2E5F82BD0068FF2C /* AddExpenseView.swift in Sources */ = {isa = PBXBuildFile; fileRef = 0A459CB92E5F82BD0068FF2C /* AddExpenseView.swift */; };
		0A459CCD2E5F82BD0068FF2C /* FirebaseStore.swift in Sources */ = {isa = PBXBuildFile; fileRef = 0A459CB32E5F82BD0068FF2C /* FirebaseStore.swift */; };
		0A459CCE2E5F82BD0068FF2C /* LocalStore.swift in Sources */ = {isa = PBXBuildFile; fileRef = 0A459CB52E5F82BD0068FF2C /* LocalStore.swift */; };
		0A459CCF2E5F82BD0068FF2C /* SplitSquareApp.swift in Sources */ = {isa = PBXBuildFile; fileRef = 0A459CAC2E5F82BD0068FF2C /* SplitSquareApp.swift */; };
		0A459CD02E5F82BD0068FF2C /* Models.swift in Sources */ = {isa = PBXBuildFile; fileRef = 0A459CAF2E5F82BD0068FF2C /* Models.swift */; };
		0A459CD12E5F82BD0068FF2C /* GroupsListView.swift in Sources */ = {isa = PBXBuildFile; fileRef = 0A459CBE2E5F82BD0068FF2C /* GroupsListView.swift */; };
		0A459CD22E5F82BD0068FF2C /* AddPaymentView.swift in Sources */ = {isa = PBXBuildFile; fileRef = 0A459CBA2E5F82BD0068FF2C /* AddPaymentView.swift */; };
		0A459CD32E5F82BD0068FF2C /* Currency.swift in Sources */ = {isa = PBXBuildFile; fileRef = 0A459CAE2E5F82BD0068FF2C /* Currency.swift */; };
		0A459CD42E5F82BD0068FF2C /* AppRouter.swift in Sources */ = {isa = PBXBuildFile; fileRef = 0A459CAB2E5F82BD0068FF2C /* AppRouter.swift */; };
		0A459CD52E5F82BD0068FF2C /* InviteService.swift in Sources */ = {isa = PBXBuildFile; fileRef = 0A459CB42E5F82BD0068FF2C /* InviteService.swift */; };
		0A459CD62E5F82BD0068FF2C /* README.md in Resources */ = {isa = PBXBuildFile; fileRef = 0A459CC32E5F82BD0068FF2C /* README.md */; };
		0A459CD72E5F82BD0068FF2C /* SETUP_FIREBASE.md in Resources */ = {isa = PBXBuildFile; fileRef = 0A459CC42E5F82BD0068FF2C /* SETUP_FIREBASE.md */; };
		0A459CD92E60AF4D0068FF2C /* JoinGroupView.swift in Sources */ = {isa = PBXBuildFile; fileRef = 0A459CD82E60AF4A0068FF2C /* JoinGroupView.swift */; };
		0A459CDB2E60AF7B0068FF2C /* AddMembersView.swift in Sources */ = {isa = PBXBuildFile; fileRef = 0A459CDA2E60AF780068FF2C /* AddMembersView.swift */; };
/* End PBXBuildFile section */

/* Begin PBXContainerItemProxy section */
		0AC001B32E5F7F0E00141EB1 /* PBXContainerItemProxy */ = {
			isa = PBXContainerItemProxy;
			containerPortal = 0AC0019A2E5F7F0D00141EB1 /* Project object */;
			proxyType = 1;
			remoteGlobalIDString = 0AC001A12E5F7F0D00141EB1;
			remoteInfo = SplitSquare;
		};
		0AC001BD2E5F7F0E00141EB1 /* PBXContainerItemProxy */ = {
			isa = PBXContainerItemProxy;
			containerPortal = 0AC0019A2E5F7F0D00141EB1 /* Project object */;
			proxyType = 1;
			remoteGlobalIDString = 0AC001A12E5F7F0D00141EB1;
			remoteInfo = SplitSquare;
		};
/* End PBXContainerItemProxy section */

/* Begin PBXFileReference section */
		0A459CAB2E5F82BD0068FF2C /* AppRouter.swift */ = {isa = PBXFileReference; lastKnownFileType = sourcecode.swift; path = AppRouter.swift; sourceTree = "<group>"; };
		0A459CAC2E5F82BD0068FF2C /* SplitSquareApp.swift */ = {isa = PBXFileReference; lastKnownFileType = sourcecode.swift; path = SplitSquareApp.swift; sourceTree = "<group>"; };
		0A459CAE2E5F82BD0068FF2C /* Currency.swift */ = {isa = PBXFileReference; lastKnownFileType = sourcecode.swift; path = Currency.swift; sourceTree = "<group>"; };
		0A459CAF2E5F82BD0068FF2C /* Models.swift */ = {isa = PBXFileReference; lastKnownFileType = sourcecode.swift; path = Models.swift; sourceTree = "<group>"; };
		0A459CB02E5F82BD0068FF2C /* Settlement.swift */ = {isa = PBXFileReference; lastKnownFileType = sourcecode.swift; path = Settlement.swift; sourceTree = "<group>"; };
		0A459CB22E5F82BD0068FF2C /* BackendSwitch.swift */ = {isa = PBXFileReference; lastKnownFileType = sourcecode.swift; path = BackendSwitch.swift; sourceTree = "<group>"; };
		0A459CB32E5F82BD0068FF2C /* FirebaseStore.swift */ = {isa = PBXFileReference; lastKnownFileType = sourcecode.swift; path = FirebaseStore.swift; sourceTree = "<group>"; };
		0A459CB42E5F82BD0068FF2C /* InviteService.swift */ = {isa = PBXFileReference; lastKnownFileType = sourcecode.swift; path = InviteService.swift; sourceTree = "<group>"; };
		0A459CB52E5F82BD0068FF2C /* LocalStore.swift */ = {isa = PBXFileReference; lastKnownFileType = sourcecode.swift; path = LocalStore.swift; sourceTree = "<group>"; };
		0A459CB62E5F82BD0068FF2C /* StoreFactory.swift */ = {isa = PBXFileReference; lastKnownFileType = sourcecode.swift; path = StoreFactory.swift; sourceTree = "<group>"; };
		0A459CB72E5F82BD0068FF2C /* StoreProtocol.swift */ = {isa = PBXFileReference; lastKnownFileType = sourcecode.swift; path = StoreProtocol.swift; sourceTree = "<group>"; };
		0A459CB92E5F82BD0068FF2C /* AddExpenseView.swift */ = {isa = PBXFileReference; lastKnownFileType = sourcecode.swift; path = AddExpenseView.swift; sourceTree = "<group>"; };
		0A459CBA2E5F82BD0068FF2C /* AddPaymentView.swift */ = {isa = PBXFileReference; lastKnownFileType = sourcecode.swift; path = AddPaymentView.swift; sourceTree = "<group>"; };
		0A459CBB2E5F82BD0068FF2C /* ExpenseDetailView.swift */ = {isa = PBXFileReference; lastKnownFileType = sourcecode.swift; path = ExpenseDetailView.swift; sourceTree = "<group>"; };
		0A459CBD2E5F82BD0068FF2C /* GroupDetailView.swift */ = {isa = PBXFileReference; lastKnownFileType = sourcecode.swift; path = GroupDetailView.swift; sourceTree = "<group>"; };
		0A459CBE2E5F82BD0068FF2C /* GroupsListView.swift */ = {isa = PBXFileReference; lastKnownFileType = sourcecode.swift; path = GroupsListView.swift; sourceTree = "<group>"; };
		0A459CC02E5F82BD0068FF2C /* SettlementsView.swift */ = {isa = PBXFileReference; lastKnownFileType = sourcecode.swift; path = SettlementsView.swift; sourceTree = "<group>"; };
		0A459CC32E5F82BD0068FF2C /* README.md */ = {isa = PBXFileReference; lastKnownFileType = net.daringfireball.markdown; path = README.md; sourceTree = "<group>"; };
		0A459CC42E5F82BD0068FF2C /* SETUP_FIREBASE.md */ = {isa = PBXFileReference; lastKnownFileType = net.daringfireball.markdown; path = SETUP_FIREBASE.md; sourceTree = "<group>"; };
		0A459CD82E60AF4A0068FF2C /* JoinGroupView.swift */ = {isa = PBXFileReference; lastKnownFileType = sourcecode.swift; path = JoinGroupView.swift; sourceTree = "<group>"; };
		0A459CDA2E60AF780068FF2C /* AddMembersView.swift */ = {isa = PBXFileReference; lastKnownFileType = sourcecode.swift; path = AddMembersView.swift; sourceTree = "<group>"; };
		0AC001A22E5F7F0D00141EB1 /* SplitSquare.app */ = {isa = PBXFileReference; explicitFileType = wrapper.application; includeInIndex = 0; path = SplitSquare.app; sourceTree = BUILT_PRODUCTS_DIR; };
		0AC001B22E5F7F0E00141EB1 /* SplitSquareTests.xctest */ = {isa = PBXFileReference; explicitFileType = wrapper.cfbundle; includeInIndex = 0; path = SplitSquareTests.xctest; sourceTree = BUILT_PRODUCTS_DIR; };
		0AC001BC2E5F7F0E00141EB1 /* SplitSquareUITests.xctest */ = {isa = PBXFileReference; explicitFileType = wrapper.cfbundle; includeInIndex = 0; path = SplitSquareUITests.xctest; sourceTree = BUILT_PRODUCTS_DIR; };
/* End PBXFileReference section */

/* Begin PBXFileSystemSynchronizedRootGroup section */
		0AC001A42E5F7F0D00141EB1 /* SplitSquare */ = {
			isa = PBXFileSystemSynchronizedRootGroup;
			path = SplitSquare;
			sourceTree = "<group>";
		};
		0AC001B52E5F7F0E00141EB1 /* SplitSquareTests */ = {
			isa = PBXFileSystemSynchronizedRootGroup;
			path = SplitSquareTests;
			sourceTree = "<group>";
		};
		0AC001BF2E5F7F0E00141EB1 /* SplitSquareUITests */ = {
			isa = PBXFileSystemSynchronizedRootGroup;
			path = SplitSquareUITests;
			sourceTree = "<group>";
		};
/* End PBXFileSystemSynchronizedRootGroup section */

/* Begin PBXFrameworksBuildPhase section */
		0AC0019F2E5F7F0D00141EB1 /* Frameworks */ = {
			isa = PBXFrameworksBuildPhase;
			buildActionMask = 2147483647;
			files = (
			);
			runOnlyForDeploymentPostprocessing = 0;
		};
		0AC001AF2E5F7F0E00141EB1 /* Frameworks */ = {
			isa = PBXFrameworksBuildPhase;
			buildActionMask = 2147483647;
			files = (
			);
			runOnlyForDeploymentPostprocessing = 0;
		};
		0AC001B92E5F7F0E00141EB1 /* Frameworks */ = {
			isa = PBXFrameworksBuildPhase;
			buildActionMask = 2147483647;
			files = (
			);
			runOnlyForDeploymentPostprocessing = 0;
		};
/* End PBXFrameworksBuildPhase section */

/* Begin PBXGroup section */
		0A459CAD2E5F82BD0068FF2C /* App */ = {
			isa = PBXGroup;
			children = (
				0A459CAB2E5F82BD0068FF2C /* AppRouter.swift */,
				0A459CAC2E5F82BD0068FF2C /* SplitSquareApp.swift */,
			);
			path = App;
			sourceTree = "<group>";
		};
		0A459CB12E5F82BD0068FF2C /* Core */ = {
			isa = PBXGroup;
			children = (
				0A459CAE2E5F82BD0068FF2C /* Currency.swift */,
				0A459CAF2E5F82BD0068FF2C /* Models.swift */,
				0A459CB02E5F82BD0068FF2C /* Settlement.swift */,
			);
			path = Core;
			sourceTree = "<group>";
		};
		0A459CB82E5F82BD0068FF2C /* Data */ = {
			isa = PBXGroup;
			children = (
				0A459CB22E5F82BD0068FF2C /* BackendSwitch.swift */,
				0A459CB32E5F82BD0068FF2C /* FirebaseStore.swift */,
				0A459CB42E5F82BD0068FF2C /* InviteService.swift */,
				0A459CB52E5F82BD0068FF2C /* LocalStore.swift */,
				0A459CB62E5F82BD0068FF2C /* StoreFactory.swift */,
				0A459CB72E5F82BD0068FF2C /* StoreProtocol.swift */,
			);
			path = Data;
			sourceTree = "<group>";
		};
		0A459CBC2E5F82BD0068FF2C /* Expenses */ = {
			isa = PBXGroup;
			children = (
				0A459CB92E5F82BD0068FF2C /* AddExpenseView.swift */,
				0A459CBA2E5F82BD0068FF2C /* AddPaymentView.swift */,
				0A459CBB2E5F82BD0068FF2C /* ExpenseDetailView.swift */,
			);
			path = Expenses;
			sourceTree = "<group>";
		};
		0A459CBF2E5F82BD0068FF2C /* Groups */ = {
			isa = PBXGroup;
			children = (
				0A459CDA2E60AF780068FF2C /* AddMembersView.swift */,
				0A459CD82E60AF4A0068FF2C /* JoinGroupView.swift */,
				0A459CBD2E5F82BD0068FF2C /* GroupDetailView.swift */,
				0A459CBE2E5F82BD0068FF2C /* GroupsListView.swift */,
			);
			path = Groups;
			sourceTree = "<group>";
		};
		0A459CC12E5F82BD0068FF2C /* Settlements */ = {
			isa = PBXGroup;
			children = (
				0A459CC02E5F82BD0068FF2C /* SettlementsView.swift */,
			);
			path = Settlements;
			sourceTree = "<group>";
		};
		0A459CC22E5F82BD0068FF2C /* Features */ = {
			isa = PBXGroup;
			children = (
				0A459CBC2E5F82BD0068FF2C /* Expenses */,
				0A459CBF2E5F82BD0068FF2C /* Groups */,
				0A459CC12E5F82BD0068FF2C /* Settlements */,
			);
			path = Features;
			sourceTree = "<group>";
		};
		0AC001992E5F7F0D00141EB1 = {
			isa = PBXGroup;
			children = (
				0AC001A42E5F7F0D00141EB1 /* SplitSquare */,
				0AC001B52E5F7F0E00141EB1 /* SplitSquareTests */,
				0AC001BF2E5F7F0E00141EB1 /* SplitSquareUITests */,
				0AC001A32E5F7F0D00141EB1 /* Products */,
				0A459CAD2E5F82BD0068FF2C /* App */,
				0A459CB12E5F82BD0068FF2C /* Core */,
				0A459CB82E5F82BD0068FF2C /* Data */,
				0A459CC22E5F82BD0068FF2C /* Features */,
				0A459CC32E5F82BD0068FF2C /* README.md */,
				0A459CC42E5F82BD0068FF2C /* SETUP_FIREBASE.md */,
			);
			sourceTree = "<group>";
		};
		0AC001A32E5F7F0D00141EB1 /* Products */ = {
			isa = PBXGroup;
			children = (
				0AC001A22E5F7F0D00141EB1 /* SplitSquare.app */,
				0AC001B22E5F7F0E00141EB1 /* SplitSquareTests.xctest */,
				0AC001BC2E5F7F0E00141EB1 /* SplitSquareUITests.xctest */,
			);
			name = Products;
			sourceTree = "<group>";
		};
/* End PBXGroup section */

/* Begin PBXNativeTarget section */
		0AC001A12E5F7F0D00141EB1 /* SplitSquare */ = {
			isa = PBXNativeTarget;
			buildConfigurationList = 0AC001C62E5F7F0E00141EB1 /* Build configuration list for PBXNativeTarget "SplitSquare" */;
			buildPhases = (
				0AC0019E2E5F7F0D00141EB1 /* Sources */,
				0AC0019F2E5F7F0D00141EB1 /* Frameworks */,
				0AC001A02E5F7F0D00141EB1 /* Resources */,
			);
			buildRules = (
			);
			dependencies = (
			);
			fileSystemSynchronizedGroups = (
				0AC001A42E5F7F0D00141EB1 /* SplitSquare */,
			);
			name = SplitSquare;
			packageProductDependencies = (
			);
			productName = SplitSquare;
			productReference = 0AC001A22E5F7F0D00141EB1 /* SplitSquare.app */;
			productType = "com.apple.product-type.application";
		};
		0AC001B12E5F7F0E00141EB1 /* SplitSquareTests */ = {
			isa = PBXNativeTarget;
			buildConfigurationList = 0AC001C92E5F7F0E00141EB1 /* Build configuration list for PBXNativeTarget "SplitSquareTests" */;
			buildPhases = (
				0AC001AE2E5F7F0E00141EB1 /* Sources */,
				0AC001AF2E5F7F0E00141EB1 /* Frameworks */,
				0AC001B02E5F7F0E00141EB1 /* Resources */,
			);
			buildRules = (
			);
			dependencies = (
				0AC001B42E5F7F0E00141EB1 /* PBXTargetDependency */,
			);
			fileSystemSynchronizedGroups = (
				0AC001B52E5F7F0E00141EB1 /* SplitSquareTests */,
			);
			name = SplitSquareTests;
			packageProductDependencies = (
			);
			productName = SplitSquareTests;
			productReference = 0AC001B22E5F7F0E00141EB1 /* SplitSquareTests.xctest */;
			productType = "com.apple.product-type.bundle.unit-test";
		};
		0AC001BB2E5F7F0E00141EB1 /* SplitSquareUITests */ = {
			isa = PBXNativeTarget;
			buildConfigurationList = 0AC001CC2E5F7F0E00141EB1 /* Build configuration list for PBXNativeTarget "SplitSquareUITests" */;
			buildPhases = (
				0AC001B82E5F7F0E00141EB1 /* Sources */,
				0AC001B92E5F7F0E00141EB1 /* Frameworks */,
				0AC001BA2E5F7F0E00141EB1 /* Resources */,
			);
			buildRules = (
			);
			dependencies = (
				0AC001BE2E5F7F0E00141EB1 /* PBXTargetDependency */,
			);
			fileSystemSynchronizedGroups = (
				0AC001BF2E5F7F0E00141EB1 /* SplitSquareUITests */,
			);
			name = SplitSquareUITests;
			packageProductDependencies = (
			);
			productName = SplitSquareUITests;
			productReference = 0AC001BC2E5F7F0E00141EB1 /* SplitSquareUITests.xctest */;
			productType = "com.apple.product-type.bundle.ui-testing";
		};
/* End PBXNativeTarget section */

/* Begin PBXProject section */
		0AC0019A2E5F7F0D00141EB1 /* Project object */ = {
			isa = PBXProject;
			attributes = {
				BuildIndependentTargetsInParallel = 1;
				LastSwiftUpdateCheck = 1620;
				LastUpgradeCheck = 1620;
				TargetAttributes = {
					0AC001A12E5F7F0D00141EB1 = {
						CreatedOnToolsVersion = 16.2;
					};
					0AC001B12E5F7F0E00141EB1 = {
						CreatedOnToolsVersion = 16.2;
						TestTargetID = 0AC001A12E5F7F0D00141EB1;
					};
					0AC001BB2E5F7F0E00141EB1 = {
						CreatedOnToolsVersion = 16.2;
						TestTargetID = 0AC001A12E5F7F0D00141EB1;
					};
				};
			};
			buildConfigurationList = 0AC0019D2E5F7F0D00141EB1 /* Build configuration list for PBXProject "SplitSquare" */;
			developmentRegion = en;
			hasScannedForEncodings = 0;
			knownRegions = (
				en,
				Base,
			);
			mainGroup = 0AC001992E5F7F0D00141EB1;
			minimizedProjectReferenceProxies = 1;
			preferredProjectObjectVersion = 77;
			productRefGroup = 0AC001A32E5F7F0D00141EB1 /* Products */;
			projectDirPath = "";
			projectRoot = "";
			targets = (
				0AC001A12E5F7F0D00141EB1 /* SplitSquare */,
				0AC001B12E5F7F0E00141EB1 /* SplitSquareTests */,
				0AC001BB2E5F7F0E00141EB1 /* SplitSquareUITests */,
			);
		};
/* End PBXProject section */

/* Begin PBXResourcesBuildPhase section */
		0AC001A02E5F7F0D00141EB1 /* Resources */ = {
			isa = PBXResourcesBuildPhase;
			buildActionMask = 2147483647;
			files = (
				0A459CD62E5F82BD0068FF2C /* README.md in Resources */,
				0A459CD72E5F82BD0068FF2C /* SETUP_FIREBASE.md in Resources */,
			);
			runOnlyForDeploymentPostprocessing = 0;
		};
		0AC001B02E5F7F0E00141EB1 /* Resources */ = {
			isa = PBXResourcesBuildPhase;
			buildActionMask = 2147483647;
			files = (
			);
			runOnlyForDeploymentPostprocessing = 0;
		};
		0AC001BA2E5F7F0E00141EB1 /* Resources */ = {
			isa = PBXResourcesBuildPhase;
			buildActionMask = 2147483647;
			files = (
			);
			runOnlyForDeploymentPostprocessing = 0;
		};
/* End PBXResourcesBuildPhase section */

/* Begin PBXSourcesBuildPhase section */
		0AC0019E2E5F7F0D00141EB1 /* Sources */ = {
			isa = PBXSourcesBuildPhase;
			buildActionMask = 2147483647;
			files = (
				0A459CC52E5F82BD0068FF2C /* StoreFactory.swift in Sources */,
				0A459CC62E5F82BD0068FF2C /* GroupDetailView.swift in Sources */,
				0A459CC72E5F82BD0068FF2C /* ExpenseDetailView.swift in Sources */,
				0A459CC82E5F82BD0068FF2C /* StoreProtocol.swift in Sources */,
				0A459CC92E5F82BD0068FF2C /* BackendSwitch.swift in Sources */,
				0A459CCA2E5F82BD0068FF2C /* Settlement.swift in Sources */,
				0A459CCB2E5F82BD0068FF2C /* SettlementsView.swift in Sources */,
				0A459CCC2E5F82BD0068FF2C /* AddExpenseView.swift in Sources */,
				0A459CCD2E5F82BD0068FF2C /* FirebaseStore.swift in Sources */,
				0A459CDB2E60AF7B0068FF2C /* AddMembersView.swift in Sources */,
				0A459CCE2E5F82BD0068FF2C /* LocalStore.swift in Sources */,
				0A459CCF2E5F82BD0068FF2C /* SplitSquareApp.swift in Sources */,
				0A459CD02E5F82BD0068FF2C /* Models.swift in Sources */,
				0A459CD12E5F82BD0068FF2C /* GroupsListView.swift in Sources */,
				0A459CD22E5F82BD0068FF2C /* AddPaymentView.swift in Sources */,
				0A459CD92E60AF4D0068FF2C /* JoinGroupView.swift in Sources */,
				0A459CD32E5F82BD0068FF2C /* Currency.swift in Sources */,
				0A459CD42E5F82BD0068FF2C /* AppRouter.swift in Sources */,
				0A459CD52E5F82BD0068FF2C /* InviteService.swift in Sources */,
			);
			runOnlyForDeploymentPostprocessing = 0;
		};
		0AC001AE2E5F7F0E00141EB1 /* Sources */ = {
			isa = PBXSourcesBuildPhase;
			buildActionMask = 2147483647;
			files = (
			);
			runOnlyForDeploymentPostprocessing = 0;
		};
		0AC001B82E5F7F0E00141EB1 /* Sources */ = {
			isa = PBXSourcesBuildPhase;
			buildActionMask = 2147483647;
			files = (
			);
			runOnlyForDeploymentPostprocessing = 0;
		};
/* End PBXSourcesBuildPhase section */

/* Begin PBXTargetDependency section */
		0AC001B42E5F7F0E00141EB1 /* PBXTargetDependency */ = {
			isa = PBXTargetDependency;
			target = 0AC001A12E5F7F0D00141EB1 /* SplitSquare */;
			targetProxy = 0AC001B32E5F7F0E00141EB1 /* PBXContainerItemProxy */;
		};
		0AC001BE2E5F7F0E00141EB1 /* PBXTargetDependency */ = {
			isa = PBXTargetDependency;
			target = 0AC001A12E5F7F0D00141EB1 /* SplitSquare */;
			targetProxy = 0AC001BD2E5F7F0E00141EB1 /* PBXContainerItemProxy */;
		};
/* End PBXTargetDependency section */

/* Begin XCBuildConfiguration section */
		0AC001C42E5F7F0E00141EB1 /* Debug */ = {
			isa = XCBuildConfiguration;
			buildSettings = {
				ALWAYS_SEARCH_USER_PATHS = NO;
				ASSETCATALOG_COMPILER_GENERATE_SWIFT_ASSET_SYMBOL_EXTENSIONS = YES;
				CLANG_ANALYZER_NONNULL = YES;
				CLANG_ANALYZER_NUMBER_OBJECT_CONVERSION = YES_AGGRESSIVE;
				CLANG_CXX_LANGUAGE_STANDARD = "gnu++20";
				CLANG_ENABLE_MODULES = YES;
				CLANG_ENABLE_OBJC_ARC = YES;
				CLANG_ENABLE_OBJC_WEAK = YES;
				CLANG_WARN_BLOCK_CAPTURE_AUTORELEASING = YES;
				CLANG_WARN_BOOL_CONVERSION = YES;
				CLANG_WARN_COMMA = YES;
				CLANG_WARN_CONSTANT_CONVERSION = YES;
				CLANG_WARN_DEPRECATED_OBJC_IMPLEMENTATIONS = YES;
				CLANG_WARN_DIRECT_OBJC_ISA_USAGE = YES_ERROR;
				CLANG_WARN_DOCUMENTATION_COMMENTS = YES;
				CLANG_WARN_EMPTY_BODY = YES;
				CLANG_WARN_ENUM_CONVERSION = YES;
				CLANG_WARN_INFINITE_RECURSION = YES;
				CLANG_WARN_INT_CONVERSION = YES;
				CLANG_WARN_NON_LITERAL_NULL_CONVERSION = YES;
				CLANG_WARN_OBJC_IMPLICIT_RETAIN_SELF = YES;
				CLANG_WARN_OBJC_LITERAL_CONVERSION = YES;
				CLANG_WARN_OBJC_ROOT_CLASS = YES_ERROR;
				CLANG_WARN_QUOTED_INCLUDE_IN_FRAMEWORK_HEADER = YES;
				CLANG_WARN_RANGE_LOOP_ANALYSIS = YES;
				CLANG_WARN_STRICT_PROTOTYPES = YES;
				CLANG_WARN_SUSPICIOUS_MOVE = YES;
				CLANG_WARN_UNGUARDED_AVAILABILITY = YES_AGGRESSIVE;
				CLANG_WARN_UNREACHABLE_CODE = YES;
				CLANG_WARN__DUPLICATE_METHOD_MATCH = YES;
				COPY_PHASE_STRIP = NO;
				DEBUG_INFORMATION_FORMAT = dwarf;
				ENABLE_STRICT_OBJC_MSGSEND = YES;
				ENABLE_TESTABILITY = YES;
				ENABLE_USER_SCRIPT_SANDBOXING = YES;
				GCC_C_LANGUAGE_STANDARD = gnu17;
				GCC_DYNAMIC_NO_PIC = NO;
				GCC_NO_COMMON_BLOCKS = YES;
				GCC_OPTIMIZATION_LEVEL = 0;
				GCC_PREPROCESSOR_DEFINITIONS = (
					"DEBUG=1",
					"$(inherited)",
				);
				GCC_WARN_64_TO_32_BIT_CONVERSION = YES;
				GCC_WARN_ABOUT_RETURN_TYPE = YES_ERROR;
				GCC_WARN_UNDECLARED_SELECTOR = YES;
				GCC_WARN_UNINITIALIZED_AUTOS = YES_AGGRESSIVE;
				GCC_WARN_UNUSED_FUNCTION = YES;
				GCC_WARN_UNUSED_VARIABLE = YES;
				IPHONEOS_DEPLOYMENT_TARGET = 18.2;
				LOCALIZATION_PREFERS_STRING_CATALOGS = YES;
				MTL_ENABLE_DEBUG_INFO = INCLUDE_SOURCE;
				MTL_FAST_MATH = YES;
				ONLY_ACTIVE_ARCH = YES;
				SDKROOT = iphoneos;
				SWIFT_ACTIVE_COMPILATION_CONDITIONS = "DEBUG $(inherited)";
				SWIFT_OPTIMIZATION_LEVEL = "-Onone";
			};
			name = Debug;
		};
		0AC001C52E5F7F0E00141EB1 /* Release */ = {
			isa = XCBuildConfiguration;
			buildSettings = {
				ALWAYS_SEARCH_USER_PATHS = NO;
				ASSETCATALOG_COMPILER_GENERATE_SWIFT_ASSET_SYMBOL_EXTENSIONS = YES;
				CLANG_ANALYZER_NONNULL = YES;
				CLANG_ANALYZER_NUMBER_OBJECT_CONVERSION = YES_AGGRESSIVE;
				CLANG_CXX_LANGUAGE_STANDARD = "gnu++20";
				CLANG_ENABLE_MODULES = YES;
				CLANG_ENABLE_OBJC_ARC = YES;
				CLANG_ENABLE_OBJC_WEAK = YES;
				CLANG_WARN_BLOCK_CAPTURE_AUTORELEASING = YES;
				CLANG_WARN_BOOL_CONVERSION = YES;
				CLANG_WARN_COMMA = YES;
				CLANG_WARN_CONSTANT_CONVERSION = YES;
				CLANG_WARN_DEPRECATED_OBJC_IMPLEMENTATIONS = YES;
				CLANG_WARN_DIRECT_OBJC_ISA_USAGE = YES_ERROR;
				CLANG_WARN_DOCUMENTATION_COMMENTS = YES;
				CLANG_WARN_EMPTY_BODY = YES;
				CLANG_WARN_ENUM_CONVERSION = YES;
				CLANG_WARN_INFINITE_RECURSION = YES;
				CLANG_WARN_INT_CONVERSION = YES;
				CLANG_WARN_NON_LITERAL_NULL_CONVERSION = YES;
				CLANG_WARN_OBJC_IMPLICIT_RETAIN_SELF = YES;
				CLANG_WARN_OBJC_LITERAL_CONVERSION = YES;
				CLANG_WARN_OBJC_ROOT_CLASS = YES_ERROR;
				CLANG_WARN_QUOTED_INCLUDE_IN_FRAMEWORK_HEADER = YES;
				CLANG_WARN_RANGE_LOOP_ANALYSIS = YES;
				CLANG_WARN_STRICT_PROTOTYPES = YES;
				CLANG_WARN_SUSPICIOUS_MOVE = YES;
				CLANG_WARN_UNGUARDED_AVAILABILITY = YES_AGGRESSIVE;
				CLANG_WARN_UNREACHABLE_CODE = YES;
				CLANG_WARN__DUPLICATE_METHOD_MATCH = YES;
				COPY_PHASE_STRIP = NO;
				DEBUG_INFORMATION_FORMAT = "dwarf-with-dsym";
				ENABLE_NS_ASSERTIONS = NO;
				ENABLE_STRICT_OBJC_MSGSEND = YES;
				ENABLE_USER_SCRIPT_SANDBOXING = YES;
				GCC_C_LANGUAGE_STANDARD = gnu17;
				GCC_NO_COMMON_BLOCKS = YES;
				GCC_WARN_64_TO_32_BIT_CONVERSION = YES;
				GCC_WARN_ABOUT_RETURN_TYPE = YES_ERROR;
				GCC_WARN_UNDECLARED_SELECTOR = YES;
				GCC_WARN_UNINITIALIZED_AUTOS = YES_AGGRESSIVE;
				GCC_WARN_UNUSED_FUNCTION = YES;
				GCC_WARN_UNUSED_VARIABLE = YES;
				IPHONEOS_DEPLOYMENT_TARGET = 18.2;
				LOCALIZATION_PREFERS_STRING_CATALOGS = YES;
				MTL_ENABLE_DEBUG_INFO = NO;
				MTL_FAST_MATH = YES;
				SDKROOT = iphoneos;
				SWIFT_COMPILATION_MODE = wholemodule;
				VALIDATE_PRODUCT = YES;
			};
			name = Release;
		};
		0AC001C72E5F7F0E00141EB1 /* Debug */ = {
			isa = XCBuildConfiguration;
			buildSettings = {
				ASSETCATALOG_COMPILER_APPICON_NAME = AppIcon;
				ASSETCATALOG_COMPILER_GLOBAL_ACCENT_COLOR_NAME = AccentColor;
				CODE_SIGN_STYLE = Automatic;
				CURRENT_PROJECT_VERSION = 1;
				DEVELOPMENT_ASSET_PATHS = "\"SplitSquare/Preview Content\"";
				DEVELOPMENT_TEAM = U739TMBQ87;
				ENABLE_PREVIEWS = YES;
				GENERATE_INFOPLIST_FILE = YES;
				INFOPLIST_KEY_UIApplicationSceneManifest_Generation = YES;
				INFOPLIST_KEY_UIApplicationSupportsIndirectInputEvents = YES;
				INFOPLIST_KEY_UILaunchScreen_Generation = YES;
				INFOPLIST_KEY_UISupportedInterfaceOrientations_iPad = "UIInterfaceOrientationPortrait UIInterfaceOrientationPortraitUpsideDown UIInterfaceOrientationLandscapeLeft UIInterfaceOrientationLandscapeRight";
				INFOPLIST_KEY_UISupportedInterfaceOrientations_iPhone = "UIInterfaceOrientationPortrait UIInterfaceOrientationLandscapeLeft UIInterfaceOrientationLandscapeRight";
				LD_RUNPATH_SEARCH_PATHS = (
					"$(inherited)",
					"@executable_path/Frameworks",
				);
				MARKETING_VERSION = 1.0;
				PRODUCT_BUNDLE_IDENTIFIER = SosaTeam.SplitSquare;
				PRODUCT_NAME = "$(TARGET_NAME)";
				SWIFT_EMIT_LOC_STRINGS = YES;
				SWIFT_VERSION = 5.0;
				TARGETED_DEVICE_FAMILY = "1,2";
			};
			name = Debug;
		};
		0AC001C82E5F7F0E00141EB1 /* Release */ = {
			isa = XCBuildConfiguration;
			buildSettings = {
				ASSETCATALOG_COMPILER_APPICON_NAME = AppIcon;
				ASSETCATALOG_COMPILER_GLOBAL_ACCENT_COLOR_NAME = AccentColor;
				CODE_SIGN_STYLE = Automatic;
				CURRENT_PROJECT_VERSION = 1;
				DEVELOPMENT_ASSET_PATHS = "\"SplitSquare/Preview Content\"";
				DEVELOPMENT_TEAM = U739TMBQ87;
				ENABLE_PREVIEWS = YES;
				GENERATE_INFOPLIST_FILE = YES;
				INFOPLIST_KEY_UIApplicationSceneManifest_Generation = YES;
				INFOPLIST_KEY_UIApplicationSupportsIndirectInputEvents = YES;
				INFOPLIST_KEY_UILaunchScreen_Generation = YES;
				INFOPLIST_KEY_UISupportedInterfaceOrientations_iPad = "UIInterfaceOrientationPortrait UIInterfaceOrientationPortraitUpsideDown UIInterfaceOrientationLandscapeLeft UIInterfaceOrientationLandscapeRight";
				INFOPLIST_KEY_UISupportedInterfaceOrientations_iPhone = "UIInterfaceOrientationPortrait UIInterfaceOrientationLandscapeLeft UIInterfaceOrientationLandscapeRight";
				LD_RUNPATH_SEARCH_PATHS = (
					"$(inherited)",
					"@executable_path/Frameworks",
				);
				MARKETING_VERSION = 1.0;
				PRODUCT_BUNDLE_IDENTIFIER = SosaTeam.SplitSquare;
				PRODUCT_NAME = "$(TARGET_NAME)";
				SWIFT_EMIT_LOC_STRINGS = YES;
				SWIFT_VERSION = 5.0;
				TARGETED_DEVICE_FAMILY = "1,2";
			};
			name = Release;
		};
		0AC001CA2E5F7F0E00141EB1 /* Debug */ = {
			isa = XCBuildConfiguration;
			buildSettings = {
				BUNDLE_LOADER = "$(TEST_HOST)";
				CODE_SIGN_STYLE = Automatic;
				CURRENT_PROJECT_VERSION = 1;
				GENERATE_INFOPLIST_FILE = YES;
				IPHONEOS_DEPLOYMENT_TARGET = 18.2;
				MARKETING_VERSION = 1.0;
				PRODUCT_BUNDLE_IDENTIFIER = SosaTeam.SplitSquareTests;
				PRODUCT_NAME = "$(TARGET_NAME)";
				SWIFT_EMIT_LOC_STRINGS = NO;
				SWIFT_VERSION = 5.0;
				TARGETED_DEVICE_FAMILY = "1,2";
				TEST_HOST = "$(BUILT_PRODUCTS_DIR)/SplitSquare.app/$(BUNDLE_EXECUTABLE_FOLDER_PATH)/SplitSquare";
			};
			name = Debug;
		};
		0AC001CB2E5F7F0E00141EB1 /* Release */ = {
			isa = XCBuildConfiguration;
			buildSettings = {
				BUNDLE_LOADER = "$(TEST_HOST)";
				CODE_SIGN_STYLE = Automatic;
				CURRENT_PROJECT_VERSION = 1;
				GENERATE_INFOPLIST_FILE = YES;
				IPHONEOS_DEPLOYMENT_TARGET = 18.2;
				MARKETING_VERSION = 1.0;
				PRODUCT_BUNDLE_IDENTIFIER = SosaTeam.SplitSquareTests;
				PRODUCT_NAME = "$(TARGET_NAME)";
				SWIFT_EMIT_LOC_STRINGS = NO;
				SWIFT_VERSION = 5.0;
				TARGETED_DEVICE_FAMILY = "1,2";
				TEST_HOST = "$(BUILT_PRODUCTS_DIR)/SplitSquare.app/$(BUNDLE_EXECUTABLE_FOLDER_PATH)/SplitSquare";
			};
			name = Release;
		};
		0AC001CD2E5F7F0E00141EB1 /* Debug */ = {
			isa = XCBuildConfiguration;
			buildSettings = {
				CODE_SIGN_STYLE = Automatic;
				CURRENT_PROJECT_VERSION = 1;
				GENERATE_INFOPLIST_FILE = YES;
				MARKETING_VERSION = 1.0;
				PRODUCT_BUNDLE_IDENTIFIER = SosaTeam.SplitSquareUITests;
				PRODUCT_NAME = "$(TARGET_NAME)";
				SWIFT_EMIT_LOC_STRINGS = NO;
				SWIFT_VERSION = 5.0;
				TARGETED_DEVICE_FAMILY = "1,2";
				TEST_TARGET_NAME = SplitSquare;
			};
			name = Debug;
		};
		0AC001CE2E5F7F0E00141EB1 /* Release */ = {
			isa = XCBuildConfiguration;
			buildSettings = {
				CODE_SIGN_STYLE = Automatic;
				CURRENT_PROJECT_VERSION = 1;
				GENERATE_INFOPLIST_FILE = YES;
				MARKETING_VERSION = 1.0;
				PRODUCT_BUNDLE_IDENTIFIER = SosaTeam.SplitSquareUITests;
				PRODUCT_NAME = "$(TARGET_NAME)";
				SWIFT_EMIT_LOC_STRINGS = NO;
				SWIFT_VERSION = 5.0;
				TARGETED_DEVICE_FAMILY = "1,2";
				TEST_TARGET_NAME = SplitSquare;
			};
			name = Release;
		};
/* End XCBuildConfiguration section */

/* Begin XCConfigurationList section */
		0AC0019D2E5F7F0D00141EB1 /* Build configuration list for PBXProject "SplitSquare" */ = {
			isa = XCConfigurationList;
			buildConfigurations = (
				0AC001C42E5F7F0E00141EB1 /* Debug */,
				0AC001C52E5F7F0E00141EB1 /* Release */,
			);
			defaultConfigurationIsVisible = 0;
			defaultConfigurationName = Release;
		};
		0AC001C62E5F7F0E00141EB1 /* Build configuration list for PBXNativeTarget "SplitSquare" */ = {
			isa = XCConfigurationList;
			buildConfigurations = (
				0AC001C72E5F7F0E00141EB1 /* Debug */,
				0AC001C82E5F7F0E00141EB1 /* Release */,
			);
			defaultConfigurationIsVisible = 0;
			defaultConfigurationName = Release;
		};
		0AC001C92E5F7F0E00141EB1 /* Build configuration list for PBXNativeTarget "SplitSquareTests" */ = {
			isa = XCConfigurationList;
			buildConfigurations = (
				0AC001CA2E5F7F0E00141EB1 /* Debug */,
				0AC001CB2E5F7F0E00141EB1 /* Release */,
			);
			defaultConfigurationIsVisible = 0;
			defaultConfigurationName = Release;
		};
		0AC001CC2E5F7F0E00141EB1 /* Build configuration list for PBXNativeTarget "SplitSquareUITests" */ = {
			isa = XCConfigurationList;
			buildConfigurations = (
				0AC001CD2E5F7F0E00141EB1 /* Debug */,
				0AC001CE2E5F7F0E00141EB1 /* Release */,
			);
			defaultConfigurationIsVisible = 0;
			defaultConfigurationName = Release;
		};
/* End XCConfigurationList section */
	};
	rootObject = 0AC0019A2E5F7F0D00141EB1 /* Project object */;
}
